
Microsoft Visual Studio Solution File, Format Version 12.00
# Visual Studio 15
VisualStudioVersion = 15.0.28107.0
MinimumVisualStudioVersion = 10.0.40219.1
Project("{FAE04EC0-301F-11D3-BF4B-00C04F79EFBC}") = "Sales.Android", "Sales\Sales.Android\Sales.Android.csproj", "{B3809937-0C66-47A2-A40F-2AD801B36D61}"
EndProject
Project("{FAE04EC0-301F-11D3-BF4B-00C04F79EFBC}") = "Sales.iOS", "Sales\Sales.iOS\Sales.iOS.csproj", "{99CEFF40-B3C1-469D-B2E6-422A55343F77}"
EndProject
Project("{FAE04EC0-301F-11D3-BF4B-00C04F79EFBC}") = "Sales", "Sales\Sales\Sales.csproj", "{324B6CF0-112E-41BC-A4F3-5F000040DAE0}"
EndProject
Project("{FAE04EC0-301F-11D3-BF4B-00C04F79EFBC}") = "Sales.Backend", "Sales.Backend\Sales.Backend.csproj", "{9F5B24E5-1603-4D09-BC53-7CEA210E5217}"
EndProject
Project("{FAE04EC0-301F-11D3-BF4B-00C04F79EFBC}") = "Sales.API", "Sales.API\Sales.API.csproj", "{68604A7D-707F-4FDD-A52C-65287830C18A}"
EndProject
Project("{FAE04EC0-301F-11D3-BF4B-00C04F79EFBC}") = "Sales.Domain", "Sales.Domain\Sales.Domain.csproj", "{EAA49199-F832-4C69-B605-993335B28FB2}"
EndProject
Project("{FAE04EC0-301F-11D3-BF4B-00C04F79EFBC}") = "Sales.Common", "Sales.Common\Sales.Common.csproj", "{18434D86-3DE8-44F5-9DF1-D12411BEFC80}"
EndProject
Global
	GlobalSection(SolutionConfigurationPlatforms) = preSolution
		Ad-Hoc|Any CPU = Ad-Hoc|Any CPU
		Ad-Hoc|iPhone = Ad-Hoc|iPhone
		Ad-Hoc|iPhoneSimulator = Ad-Hoc|iPhoneSimulator
		AppStore|Any CPU = AppStore|Any CPU
		AppStore|iPhone = AppStore|iPhone
		AppStore|iPhoneSimulator = AppStore|iPhoneSimulator
		Debug|Any CPU = Debug|Any CPU
		Debug|iPhone = Debug|iPhone
		Debug|iPhoneSimulator = Debug|iPhoneSimulator
		Release|Any CPU = Release|Any CPU
		Release|iPhone = Release|iPhone
		Release|iPhoneSimulator = Release|iPhoneSimulator
	EndGlobalSection
	GlobalSection(ProjectConfigurationPlatforms) = postSolution
		{B3809937-0C66-47A2-A40F-2AD801B36D61}.Ad-Hoc|Any CPU.ActiveCfg = Release|Any CPU
		{B3809937-0C66-47A2-A40F-2AD801B36D61}.Ad-Hoc|Any CPU.Build.0 = Release|Any CPU
		{B3809937-0C66-47A2-A40F-2AD801B36D61}.Ad-Hoc|Any CPU.Deploy.0 = Release|Any CPU
		{B3809937-0C66-47A2-A40F-2AD801B36D61}.Ad-Hoc|iPhone.ActiveCfg = Release|Any CPU
		{B3809937-0C66-47A2-A40F-2AD801B36D61}.Ad-Hoc|iPhone.Build.0 = Release|Any CPU
		{B3809937-0C66-47A2-A40F-2AD801B36D61}.Ad-Hoc|iPhone.Deploy.0 = Release|Any CPU
		{B3809937-0C66-47A2-A40F-2AD801B36D61}.Ad-Hoc|iPhoneSimulator.ActiveCfg = Release|Any CPU
		{B3809937-0C66-47A2-A40F-2AD801B36D61}.Ad-Hoc|iPhoneSimulator.Build.0 = Release|Any CPU
		{B3809937-0C66-47A2-A40F-2AD801B36D61}.Ad-Hoc|iPhoneSimulator.Deploy.0 = Release|Any CPU
		{B3809937-0C66-47A2-A40F-2AD801B36D61}.AppStore|Any CPU.ActiveCfg = Release|Any CPU
		{B3809937-0C66-47A2-A40F-2AD801B36D61}.AppStore|Any CPU.Build.0 = Release|Any CPU
		{B3809937-0C66-47A2-A40F-2AD801B36D61}.AppStore|Any CPU.Deploy.0 = Release|Any CPU
		{B3809937-0C66-47A2-A40F-2AD801B36D61}.AppStore|iPhone.ActiveCfg = Release|Any CPU
		{B3809937-0C66-47A2-A40F-2AD801B36D61}.AppStore|iPhone.Build.0 = Release|Any CPU
		{B3809937-0C66-47A2-A40F-2AD801B36D61}.AppStore|iPhone.Deploy.0 = Release|Any CPU
		{B3809937-0C66-47A2-A40F-2AD801B36D61}.AppStore|iPhoneSimulator.ActiveCfg = Release|Any CPU
		{B3809937-0C66-47A2-A40F-2AD801B36D61}.AppStore|iPhoneSimulator.Build.0 = Release|Any CPU
		{B3809937-0C66-47A2-A40F-2AD801B36D61}.AppStore|iPhoneSimulator.Deploy.0 = Release|Any CPU
		{B3809937-0C66-47A2-A40F-2AD801B36D61}.Debug|Any CPU.ActiveCfg = Debug|Any CPU
		{B3809937-0C66-47A2-A40F-2AD801B36D61}.Debug|Any CPU.Build.0 = Debug|Any CPU
		{B3809937-0C66-47A2-A40F-2AD801B36D61}.Debug|Any CPU.Deploy.0 = Debug|Any CPU
		{B3809937-0C66-47A2-A40F-2AD801B36D61}.Debug|iPhone.ActiveCfg = Debug|Any CPU
		{B3809937-0C66-47A2-A40F-2AD801B36D61}.Debug|iPhone.Build.0 = Debug|Any CPU
		{B3809937-0C66-47A2-A40F-2AD801B36D61}.Debug|iPhone.Deploy.0 = Debug|Any CPU
		{B3809937-0C66-47A2-A40F-2AD801B36D61}.Debug|iPhoneSimulator.ActiveCfg = Debug|Any CPU
		{B3809937-0C66-47A2-A40F-2AD801B36D61}.Debug|iPhoneSimulator.Build.0 = Debug|Any CPU
		{B3809937-0C66-47A2-A40F-2AD801B36D61}.Debug|iPhoneSimulator.Deploy.0 = Debug|Any CPU
		{B3809937-0C66-47A2-A40F-2AD801B36D61}.Release|Any CPU.ActiveCfg = Release|Any CPU
		{B3809937-0C66-47A2-A40F-2AD801B36D61}.Release|Any CPU.Build.0 = Release|Any CPU
		{B3809937-0C66-47A2-A40F-2AD801B36D61}.Release|Any CPU.Deploy.0 = Release|Any CPU
		{B3809937-0C66-47A2-A40F-2AD801B36D61}.Release|iPhone.ActiveCfg = Release|Any CPU
		{B3809937-0C66-47A2-A40F-2AD801B36D61}.Release|iPhone.Build.0 = Release|Any CPU
		{B3809937-0C66-47A2-A40F-2AD801B36D61}.Release|iPhone.Deploy.0 = Release|Any CPU
		{B3809937-0C66-47A2-A40F-2AD801B36D61}.Release|iPhoneSimulator.ActiveCfg = Release|Any CPU
		{B3809937-0C66-47A2-A40F-2AD801B36D61}.Release|iPhoneSimulator.Build.0 = Release|Any CPU
		{B3809937-0C66-47A2-A40F-2AD801B36D61}.Release|iPhoneSimulator.Deploy.0 = Release|Any CPU
		{99CEFF40-B3C1-469D-B2E6-422A55343F77}.Ad-Hoc|Any CPU.ActiveCfg = Ad-Hoc|iPhone
		{99CEFF40-B3C1-469D-B2E6-422A55343F77}.Ad-Hoc|Any CPU.Build.0 = Ad-Hoc|iPhone
		{99CEFF40-B3C1-469D-B2E6-422A55343F77}.Ad-Hoc|Any CPU.Deploy.0 = Ad-Hoc|iPhone
		{99CEFF40-B3C1-469D-B2E6-422A55343F77}.Ad-Hoc|iPhone.ActiveCfg = Ad-Hoc|iPhone
		{99CEFF40-B3C1-469D-B2E6-422A55343F77}.Ad-Hoc|iPhone.Build.0 = Ad-Hoc|iPhone
		{99CEFF40-B3C1-469D-B2E6-422A55343F77}.Ad-Hoc|iPhone.Deploy.0 = Ad-Hoc|iPhone
		{99CEFF40-B3C1-469D-B2E6-422A55343F77}.Ad-Hoc|iPhoneSimulator.ActiveCfg = Ad-Hoc|iPhoneSimulator
		{99CEFF40-B3C1-469D-B2E6-422A55343F77}.Ad-Hoc|iPhoneSimulator.Build.0 = Ad-Hoc|iPhoneSimulator
		{99CEFF40-B3C1-469D-B2E6-422A55343F77}.Ad-Hoc|iPhoneSimulator.Deploy.0 = Ad-Hoc|iPhoneSimulator
		{99CEFF40-B3C1-469D-B2E6-422A55343F77}.AppStore|Any CPU.ActiveCfg = AppStore|iPhone
		{99CEFF40-B3C1-469D-B2E6-422A55343F77}.AppStore|Any CPU.Build.0 = AppStore|iPhone
		{99CEFF40-B3C1-469D-B2E6-422A55343F77}.AppStore|Any CPU.Deploy.0 = AppStore|iPhone
		{99CEFF40-B3C1-469D-B2E6-422A55343F77}.AppStore|iPhone.ActiveCfg = AppStore|iPhone
		{99CEFF40-B3C1-469D-B2E6-422A55343F77}.AppStore|iPhone.Build.0 = AppStore|iPhone
		{99CEFF40-B3C1-469D-B2E6-422A55343F77}.AppStore|iPhone.Deploy.0 = AppStore|iPhone
		{99CEFF40-B3C1-469D-B2E6-422A55343F77}.AppStore|iPhoneSimulator.ActiveCfg = AppStore|iPhoneSimulator
		{99CEFF40-B3C1-469D-B2E6-422A55343F77}.AppStore|iPhoneSimulator.Build.0 = AppStore|iPhoneSimulator
		{99CEFF40-B3C1-469D-B2E6-422A55343F77}.AppStore|iPhoneSimulator.Deploy.0 = AppStore|iPhoneSimulator
		{99CEFF40-B3C1-469D-B2E6-422A55343F77}.Debug|Any CPU.ActiveCfg = Debug|iPhoneSimulator
		{99CEFF40-B3C1-469D-B2E6-422A55343F77}.Debug|Any CPU.Build.0 = Debug|iPhoneSimulator
		{99CEFF40-B3C1-469D-B2E6-422A55343F77}.Debug|Any CPU.Deploy.0 = Debug|iPhoneSimulator
		{99CEFF40-B3C1-469D-B2E6-422A55343F77}.Debug|iPhone.ActiveCfg = Debug|iPhone
		{99CEFF40-B3C1-469D-B2E6-422A55343F77}.Debug|iPhone.Build.0 = Debug|iPhone
		{99CEFF40-B3C1-469D-B2E6-422A55343F77}.Debug|iPhone.Deploy.0 = Debug|iPhone
		{99CEFF40-B3C1-469D-B2E6-422A55343F77}.Debug|iPhoneSimulator.ActiveCfg = Debug|iPhoneSimulator
		{99CEFF40-B3C1-469D-B2E6-422A55343F77}.Debug|iPhoneSimulator.Build.0 = Debug|iPhoneSimulator
		{99CEFF40-B3C1-469D-B2E6-422A55343F77}.Debug|iPhoneSimulator.Deploy.0 = Debug|iPhoneSimulator
		{99CEFF40-B3C1-469D-B2E6-422A55343F77}.Release|Any CPU.ActiveCfg = Release|iPhone
		{99CEFF40-B3C1-469D-B2E6-422A55343F77}.Release|Any CPU.Build.0 = Release|iPhone
		{99CEFF40-B3C1-469D-B2E6-422A55343F77}.Release|Any CPU.Deploy.0 = Release|iPhone
		{99CEFF40-B3C1-469D-B2E6-422A55343F77}.Release|iPhone.ActiveCfg = Release|iPhone
		{99CEFF40-B3C1-469D-B2E6-422A55343F77}.Release|iPhone.Build.0 = Release|iPhone
		{99CEFF40-B3C1-469D-B2E6-422A55343F77}.Release|iPhone.Deploy.0 = Release|iPhone
		{99CEFF40-B3C1-469D-B2E6-422A55343F77}.Release|iPhoneSimulator.ActiveCfg = Release|iPhoneSimulator
		{99CEFF40-B3C1-469D-B2E6-422A55343F77}.Release|iPhoneSimulator.Build.0 = Release|iPhoneSimulator
		{99CEFF40-B3C1-469D-B2E6-422A55343F77}.Release|iPhoneSimulator.Deploy.0 = Release|iPhoneSimulator
		{324B6CF0-112E-41BC-A4F3-5F000040DAE0}.Ad-Hoc|Any CPU.ActiveCfg = Debug|Any CPU
		{324B6CF0-112E-41BC-A4F3-5F000040DAE0}.Ad-Hoc|Any CPU.Build.0 = Debug|Any CPU
		{324B6CF0-112E-41BC-A4F3-5F000040DAE0}.Ad-Hoc|Any CPU.Deploy.0 = Debug|Any CPU
		{324B6CF0-112E-41BC-A4F3-5F000040DAE0}.Ad-Hoc|iPhone.ActiveCfg = Debug|Any CPU
		{324B6CF0-112E-41BC-A4F3-5F000040DAE0}.Ad-Hoc|iPhone.Build.0 = Debug|Any CPU
		{324B6CF0-112E-41BC-A4F3-5F000040DAE0}.Ad-Hoc|iPhone.Deploy.0 = Debug|Any CPU
		{324B6CF0-112E-41BC-A4F3-5F000040DAE0}.Ad-Hoc|iPhoneSimulator.ActiveCfg = Debug|Any CPU
		{324B6CF0-112E-41BC-A4F3-5F000040DAE0}.Ad-Hoc|iPhoneSimulator.Build.0 = Debug|Any CPU
		{324B6CF0-112E-41BC-A4F3-5F000040DAE0}.Ad-Hoc|iPhoneSimulator.Deploy.0 = Debug|Any CPU
		{324B6CF0-112E-41BC-A4F3-5F000040DAE0}.AppStore|Any CPU.ActiveCfg = Debug|Any CPU
		{324B6CF0-112E-41BC-A4F3-5F000040DAE0}.AppStore|Any CPU.Build.0 = Debug|Any CPU
		{324B6CF0-112E-41BC-A4F3-5F000040DAE0}.AppStore|Any CPU.Deploy.0 = Debug|Any CPU
		{324B6CF0-112E-41BC-A4F3-5F000040DAE0}.AppStore|iPhone.ActiveCfg = Debug|Any CPU
		{324B6CF0-112E-41BC-A4F3-5F000040DAE0}.AppStore|iPhone.Build.0 = Debug|Any CPU
		{324B6CF0-112E-41BC-A4F3-5F000040DAE0}.AppStore|iPhone.Deploy.0 = Debug|Any CPU
		{324B6CF0-112E-41BC-A4F3-5F000040DAE0}.AppStore|iPhoneSimulator.ActiveCfg = Debug|Any CPU
		{324B6CF0-112E-41BC-A4F3-5F000040DAE0}.AppStore|iPhoneSimulator.Build.0 = Debug|Any CPU
		{324B6CF0-112E-41BC-A4F3-5F000040DAE0}.AppStore|iPhoneSimulator.Deploy.0 = Debug|Any CPU
		{324B6CF0-112E-41BC-A4F3-5F000040DAE0}.Debug|Any CPU.ActiveCfg = Debug|Any CPU
		{324B6CF0-112E-41BC-A4F3-5F000040DAE0}.Debug|Any CPU.Build.0 = Debug|Any CPU
		{324B6CF0-112E-41BC-A4F3-5F000040DAE0}.Debug|Any CPU.Deploy.0 = Debug|Any CPU
		{324B6CF0-112E-41BC-A4F3-5F000040DAE0}.Debug|iPhone.ActiveCfg = Debug|Any CPU
		{324B6CF0-112E-41BC-A4F3-5F000040DAE0}.Debug|iPhone.Build.0 = Debug|Any CPU
		{324B6CF0-112E-41BC-A4F3-5F000040DAE0}.Debug|iPhone.Deploy.0 = Debug|Any CPU
		{324B6CF0-112E-41BC-A4F3-5F000040DAE0}.Debug|iPhoneSimulator.ActiveCfg = Debug|Any CPU
		{324B6CF0-112E-41BC-A4F3-5F000040DAE0}.Debug|iPhoneSimulator.Build.0 = Debug|Any CPU
		{324B6CF0-112E-41BC-A4F3-5F000040DAE0}.Debug|iPhoneSimulator.Deploy.0 = Debug|Any CPU
		{324B6CF0-112E-41BC-A4F3-5F000040DAE0}.Release|Any CPU.ActiveCfg = Release|Any CPU
		{324B6CF0-112E-41BC-A4F3-5F000040DAE0}.Release|Any CPU.Build.0 = Release|Any CPU
		{324B6CF0-112E-41BC-A4F3-5F000040DAE0}.Release|Any CPU.Deploy.0 = Release|Any CPU
		{324B6CF0-112E-41BC-A4F3-5F000040DAE0}.Release|iPhone.ActiveCfg = Release|Any CPU
		{324B6CF0-112E-41BC-A4F3-5F000040DAE0}.Release|iPhone.Build.0 = Release|Any CPU
		{324B6CF0-112E-41BC-A4F3-5F000040DAE0}.Release|iPhone.Deploy.0 = Release|Any CPU
		{324B6CF0-112E-41BC-A4F3-5F000040DAE0}.Release|iPhoneSimulator.ActiveCfg = Release|Any CPU
		{324B6CF0-112E-41BC-A4F3-5F000040DAE0}.Release|iPhoneSimulator.Build.0 = Release|Any CPU
		{324B6CF0-112E-41BC-A4F3-5F000040DAE0}.Release|iPhoneSimulator.Deploy.0 = Release|Any CPU
		{9F5B24E5-1603-4D09-BC53-7CEA210E5217}.Ad-Hoc|Any CPU.ActiveCfg = Release|Any CPU
		{9F5B24E5-1603-4D09-BC53-7CEA210E5217}.Ad-Hoc|Any CPU.Build.0 = Release|Any CPU
		{9F5B24E5-1603-4D09-BC53-7CEA210E5217}.Ad-Hoc|iPhone.ActiveCfg = Release|Any CPU
		{9F5B24E5-1603-4D09-BC53-7CEA210E5217}.Ad-Hoc|iPhone.Build.0 = Release|Any CPU
		{9F5B24E5-1603-4D09-BC53-7CEA210E5217}.Ad-Hoc|iPhoneSimulator.ActiveCfg = Release|Any CPU
		{9F5B24E5-1603-4D09-BC53-7CEA210E5217}.Ad-Hoc|iPhoneSimulator.Build.0 = Release|Any CPU
		{9F5B24E5-1603-4D09-BC53-7CEA210E5217}.AppStore|Any CPU.ActiveCfg = Release|Any CPU
		{9F5B24E5-1603-4D09-BC53-7CEA210E5217}.AppStore|Any CPU.Build.0 = Release|Any CPU
		{9F5B24E5-1603-4D09-BC53-7CEA210E5217}.AppStore|iPhone.ActiveCfg = Release|Any CPU
		{9F5B24E5-1603-4D09-BC53-7CEA210E5217}.AppStore|iPhone.Build.0 = Release|Any CPU
		{9F5B24E5-1603-4D09-BC53-7CEA210E5217}.AppStore|iPhoneSimulator.ActiveCfg = Release|Any CPU
		{9F5B24E5-1603-4D09-BC53-7CEA210E5217}.AppStore|iPhoneSimulator.Build.0 = Release|Any CPU
		{9F5B24E5-1603-4D09-BC53-7CEA210E5217}.Debug|Any CPU.ActiveCfg = Debug|Any CPU
		{9F5B24E5-1603-4D09-BC53-7CEA210E5217}.Debug|Any CPU.Build.0 = Debug|Any CPU
		{9F5B24E5-1603-4D09-BC53-7CEA210E5217}.Debug|iPhone.ActiveCfg = Debug|Any CPU
		{9F5B24E5-1603-4D09-BC53-7CEA210E5217}.Debug|iPhone.Build.0 = Debug|Any CPU
		{9F5B24E5-1603-4D09-BC53-7CEA210E5217}.Debug|iPhoneSimulator.ActiveCfg = Debug|Any CPU
		{9F5B24E5-1603-4D09-BC53-7CEA210E5217}.Debug|iPhoneSimulator.Build.0 = Debug|Any CPU
		{9F5B24E5-1603-4D09-BC53-7CEA210E5217}.Release|Any CPU.ActiveCfg = Release|Any CPU
		{9F5B24E5-1603-4D09-BC53-7CEA210E5217}.Release|Any CPU.Build.0 = Release|Any CPU
		{9F5B24E5-1603-4D09-BC53-7CEA210E5217}.Release|iPhone.ActiveCfg = Release|Any CPU
		{9F5B24E5-1603-4D09-BC53-7CEA210E5217}.Release|iPhone.Build.0 = Release|Any CPU
		{9F5B24E5-1603-4D09-BC53-7CEA210E5217}.Release|iPhoneSimulator.ActiveCfg = Release|Any CPU
		{9F5B24E5-1603-4D09-BC53-7CEA210E5217}.Release|iPhoneSimulator.Build.0 = Release|Any CPU
		{68604A7D-707F-4FDD-A52C-65287830C18A}.Ad-Hoc|Any CPU.ActiveCfg = Release|Any CPU
		{68604A7D-707F-4FDD-A52C-65287830C18A}.Ad-Hoc|Any CPU.Build.0 = Release|Any CPU
		{68604A7D-707F-4FDD-A52C-65287830C18A}.Ad-Hoc|iPhone.ActiveCfg = Release|Any CPU
		{68604A7D-707F-4FDD-A52C-65287830C18A}.Ad-Hoc|iPhone.Build.0 = Release|Any CPU
		{68604A7D-707F-4FDD-A52C-65287830C18A}.Ad-Hoc|iPhoneSimulator.ActiveCfg = Release|Any CPU
		{68604A7D-707F-4FDD-A52C-65287830C18A}.Ad-Hoc|iPhoneSimulator.Build.0 = Release|Any CPU
		{68604A7D-707F-4FDD-A52C-65287830C18A}.AppStore|Any CPU.ActiveCfg = Release|Any CPU
		{68604A7D-707F-4FDD-A52C-65287830C18A}.AppStore|Any CPU.Build.0 = Release|Any CPU
		{68604A7D-707F-4FDD-A52C-65287830C18A}.AppStore|iPhone.ActiveCfg = Release|Any CPU
		{68604A7D-707F-4FDD-A52C-65287830C18A}.AppStore|iPhone.Build.0 = Release|Any CPU
		{68604A7D-707F-4FDD-A52C-65287830C18A}.AppStore|iPhoneSimulator.ActiveCfg = Release|Any CPU
		{68604A7D-707F-4FDD-A52C-65287830C18A}.AppStore|iPhoneSimulator.Build.0 = Release|Any CPU
		{68604A7D-707F-4FDD-A52C-65287830C18A}.Debug|Any CPU.ActiveCfg = Debug|Any CPU
		{68604A7D-707F-4FDD-A52C-65287830C18A}.Debug|Any CPU.Build.0 = Debug|Any CPU
		{68604A7D-707F-4FDD-A52C-65287830C18A}.Debug|iPhone.ActiveCfg = Debug|Any CPU
		{68604A7D-707F-4FDD-A52C-65287830C18A}.Debug|iPhone.Build.0 = Debug|Any CPU
		{68604A7D-707F-4FDD-A52C-65287830C18A}.Debug|iPhoneSimulator.ActiveCfg = Debug|Any CPU
		{68604A7D-707F-4FDD-A52C-65287830C18A}.Debug|iPhoneSimulator.Build.0 = Debug|Any CPU
		{68604A7D-707F-4FDD-A52C-65287830C18A}.Release|Any CPU.ActiveCfg = Release|Any CPU
		{68604A7D-707F-4FDD-A52C-65287830C18A}.Release|Any CPU.Build.0 = Release|Any CPU
		{68604A7D-707F-4FDD-A52C-65287830C18A}.Release|iPhone.ActiveCfg = Release|Any CPU
		{68604A7D-707F-4FDD-A52C-65287830C18A}.Release|iPhone.Build.0 = Release|Any CPU
		{68604A7D-707F-4FDD-A52C-65287830C18A}.Release|iPhoneSimulator.ActiveCfg = Release|Any CPU
		{68604A7D-707F-4FDD-A52C-65287830C18A}.Release|iPhoneSimulator.Build.0 = Release|Any CPU
		{EAA49199-F832-4C69-B605-993335B28FB2}.Ad-Hoc|Any CPU.ActiveCfg = Release|Any CPU
		{EAA49199-F832-4C69-B605-993335B28FB2}.Ad-Hoc|Any CPU.Build.0 = Release|Any CPU
		{EAA49199-F832-4C69-B605-993335B28FB2}.Ad-Hoc|iPhone.ActiveCfg = Release|Any CPU
		{EAA49199-F832-4C69-B605-993335B28FB2}.Ad-Hoc|iPhone.Build.0 = Release|Any CPU
		{EAA49199-F832-4C69-B605-993335B28FB2}.Ad-Hoc|iPhoneSimulator.ActiveCfg = Release|Any CPU
		{EAA49199-F832-4C69-B605-993335B28FB2}.Ad-Hoc|iPhoneSimulator.Build.0 = Release|Any CPU
		{EAA49199-F832-4C69-B605-993335B28FB2}.AppStore|Any CPU.ActiveCfg = Release|Any CPU
		{EAA49199-F832-4C69-B605-993335B28FB2}.AppStore|Any CPU.Build.0 = Release|Any CPU
		{EAA49199-F832-4C69-B605-993335B28FB2}.AppStore|iPhone.ActiveCfg = Release|Any CPU
		{EAA49199-F832-4C69-B605-993335B28FB2}.AppStore|iPhone.Build.0 = Release|Any CPU
		{EAA49199-F832-4C69-B605-993335B28FB2}.AppStore|iPhoneSimulator.ActiveCfg = Release|Any CPU
		{EAA49199-F832-4C69-B605-993335B28FB2}.AppStore|iPhoneSimulator.Build.0 = Release|Any CPU
		{EAA49199-F832-4C69-B605-993335B28FB2}.Debug|Any CPU.ActiveCfg = Debug|Any CPU
		{EAA49199-F832-4C69-B605-993335B28FB2}.Debug|Any CPU.Build.0 = Debug|Any CPU
		{EAA49199-F832-4C69-B605-993335B28FB2}.Debug|iPhone.ActiveCfg = Debug|Any CPU
		{EAA49199-F832-4C69-B605-993335B28FB2}.Debug|iPhone.Build.0 = Debug|Any CPU
		{EAA49199-F832-4C69-B605-993335B28FB2}.Debug|iPhoneSimulator.ActiveCfg = Debug|Any CPU
		{EAA49199-F832-4C69-B605-993335B28FB2}.Debug|iPhoneSimulator.Build.0 = Debug|Any CPU
		{EAA49199-F832-4C69-B605-993335B28FB2}.Release|Any CPU.ActiveCfg = Release|Any CPU
		{EAA49199-F832-4C69-B605-993335B28FB2}.Release|Any CPU.Build.0 = Release|Any CPU
		{EAA49199-F832-4C69-B605-993335B28FB2}.Release|iPhone.ActiveCfg = Release|Any CPU
		{EAA49199-F832-4C69-B605-993335B28FB2}.Release|iPhone.Build.0 = Release|Any CPU
		{EAA49199-F832-4C69-B605-993335B28FB2}.Release|iPhoneSimulator.ActiveCfg = Release|Any CPU
		{EAA49199-F832-4C69-B605-993335B28FB2}.Release|iPhoneSimulator.Build.0 = Release|Any CPU
		{18434D86-3DE8-44F5-9DF1-D12411BEFC80}.Ad-Hoc|Any CPU.ActiveCfg = Release|Any CPU
		{18434D86-3DE8-44F5-9DF1-D12411BEFC80}.Ad-Hoc|Any CPU.Build.0 = Release|Any CPU
		{18434D86-3DE8-44F5-9DF1-D12411BEFC80}.Ad-Hoc|iPhone.ActiveCfg = Release|Any CPU
		{18434D86-3DE8-44F5-9DF1-D12411BEFC80}.Ad-Hoc|iPhone.Build.0 = Release|Any CPU
		{18434D86-3DE8-44F5-9DF1-D12411BEFC80}.Ad-Hoc|iPhoneSimulator.ActiveCfg = Release|Any CPU
		{18434D86-3DE8-44F5-9DF1-D12411BEFC80}.Ad-Hoc|iPhoneSimulator.Build.0 = Release|Any CPU
		{18434D86-3DE8-44F5-9DF1-D12411BEFC80}.AppStore|Any CPU.ActiveCfg = Release|Any CPU
		{18434D86-3DE8-44F5-9DF1-D12411BEFC80}.AppStore|Any CPU.Build.0 = Release|Any CPU
		{18434D86-3DE8-44F5-9DF1-D12411BEFC80}.AppStore|iPhone.ActiveCfg = Release|Any CPU
		{18434D86-3DE8-44F5-9DF1-D12411BEFC80}.AppStore|iPhone.Build.0 = Release|Any CPU
		{18434D86-3DE8-44F5-9DF1-D12411BEFC80}.AppStore|iPhoneSimulator.ActiveCfg = Release|Any CPU
		{18434D86-3DE8-44F5-9DF1-D12411BEFC80}.AppStore|iPhoneSimulator.Build.0 = Release|Any CPU
		{18434D86-3DE8-44F5-9DF1-D12411BEFC80}.Debug|Any CPU.ActiveCfg = Debug|Any CPU
		{18434D86-3DE8-44F5-9DF1-D12411BEFC80}.Debug|Any CPU.Build.0 = Debug|Any CPU
		{18434D86-3DE8-44F5-9DF1-D12411BEFC80}.Debug|iPhone.ActiveCfg = Debug|Any CPU
		{18434D86-3DE8-44F5-9DF1-D12411BEFC80}.Debug|iPhone.Build.0 = Debug|Any CPU
		{18434D86-3DE8-44F5-9DF1-D12411BEFC80}.Debug|iPhoneSimulator.ActiveCfg = Debug|Any CPU
		{18434D86-3DE8-44F5-9DF1-D12411BEFC80}.Debug|iPhoneSimulator.Build.0 = Debug|Any CPU
		{18434D86-3DE8-44F5-9DF1-D12411BEFC80}.Release|Any CPU.ActiveCfg = Release|Any CPU
		{18434D86-3DE8-44F5-9DF1-D12411BEFC80}.Release|Any CPU.Build.0 = Release|Any CPU
		{18434D86-3DE8-44F5-9DF1-D12411BEFC80}.Release|iPhone.ActiveCfg = Release|Any CPU
		{18434D86-3DE8-44F5-9DF1-D12411BEFC80}.Release|iPhone.Build.0 = Release|Any CPU
		{18434D86-3DE8-44F5-9DF1-D12411BEFC80}.Release|iPhoneSimulator.ActiveCfg = Release|Any CPU
		{18434D86-3DE8-44F5-9DF1-D12411BEFC80}.Release|iPhoneSimulator.Build.0 = Release|Any CPU
	EndGlobalSection
	GlobalSection(SolutionProperties) = preSolution
		HideSolutionNode = FALSE
	EndGlobalSection
	GlobalSection(ExtensibilityGlobals) = postSolution
		SolutionGuid = {C2FD562D-8106-430D-B6DD-C0F2A4A54596}
	EndGlobalSection
EndGlobal
